
Microsoft Visual Studio Solution File, Format Version 12.00
# Visual Studio 15
VisualStudioVersion = 15.0.27130.2027
MinimumVisualStudioVersion = 10.0.40219.1
Project("{FAE04EC0-301F-11D3-BF4B-00C04F79EFBC}") = "api_loja0001", "api_loja0001\api_loja0001.csproj", "{CC927991-0714-439F-B644-2019DB2E070A}"
EndProject
Global
	GlobalSection(SolutionConfigurationPlatforms) = preSolution
		Debug|Any CPU = Debug|Any CPU
		Release|Any CPU = Release|Any CPU
	EndGlobalSection
	GlobalSection(ProjectConfigurationPlatforms) = postSolution
		{CC927991-0714-439F-B644-2019DB2E070A}.Debug|Any CPU.ActiveCfg = Debug|Any CPU
		{CC927991-0714-439F-B644-2019DB2E070A}.Debug|Any CPU.Build.0 = Debug|Any CPU
		{CC927991-0714-439F-B644-2019DB2E070A}.Release|Any CPU.ActiveCfg = Release|Any CPU
		{CC927991-0714-439F-B644-2019DB2E070A}.Release|Any CPU.Build.0 = Release|Any CPU
	EndGlobalSection
	GlobalSection(SolutionProperties) = preSolution
		HideSolutionNode = FALSE
	EndGlobalSection
	GlobalSection(ExtensibilityGlobals) = postSolution
		SolutionGuid = {18A0B635-2537-4109-9282-9ACA829F21EA}
	EndGlobalSection
EndGlobal
